
Microsoft Visual Studio Solution File, Format Version 12.00
# Visual Studio Version 16
VisualStudioVersion = 16.0.30517.126
MinimumVisualStudioVersion = 10.0.40219.1
Project("{FAE04EC0-301F-11D3-BF4B-00C04F79EFBC}") = "T-3 Desde el (2.1.1.1) hasta  ( )", "T-3 Desde el (2.1.1.1) hasta  ( )\T-3 Desde el (2.1.1.1) hasta  ( ).csproj", "{DE3A03DE-6844-4CB7-986B-D58EC2E1E2A8}"
EndProject
Global
	GlobalSection(SolutionConfigurationPlatforms) = preSolution
		Debug|Any CPU = Debug|Any CPU
		Release|Any CPU = Release|Any CPU
	EndGlobalSection
	GlobalSection(ProjectConfigurationPlatforms) = postSolution
		{DE3A03DE-6844-4CB7-986B-D58EC2E1E2A8}.Debug|Any CPU.ActiveCfg = Debug|Any CPU
		{DE3A03DE-6844-4CB7-986B-D58EC2E1E2A8}.Debug|Any CPU.Build.0 = Debug|Any CPU
		{DE3A03DE-6844-4CB7-986B-D58EC2E1E2A8}.Release|Any CPU.ActiveCfg = Release|Any CPU
		{DE3A03DE-6844-4CB7-986B-D58EC2E1E2A8}.Release|Any CPU.Build.0 = Release|Any CPU
	EndGlobalSection
	GlobalSection(SolutionProperties) = preSolution
		HideSolutionNode = FALSE
	EndGlobalSection
	GlobalSection(ExtensibilityGlobals) = postSolution
		SolutionGuid = {FAFCC802-7210-4098-A938-FA7F92B3BB2C}
	EndGlobalSection
EndGlobal
