
Microsoft Visual Studio Solution File, Format Version 12.00
# Visual Studio Version 16
VisualStudioVersion = 16.0.30517.126
MinimumVisualStudioVersion = 10.0.40219.1
Project("{FAE04EC0-301F-11D3-BF4B-00C04F79EFBC}") = "Práctica 3.17", "Práctica 3.17\Práctica 3.17.csproj", "{CF83C7EE-812C-4123-AA2A-91A2DC0A3FC2}"
EndProject
Global
	GlobalSection(SolutionConfigurationPlatforms) = preSolution
		Debug|Any CPU = Debug|Any CPU
		Release|Any CPU = Release|Any CPU
	EndGlobalSection
	GlobalSection(ProjectConfigurationPlatforms) = postSolution
		{CF83C7EE-812C-4123-AA2A-91A2DC0A3FC2}.Debug|Any CPU.ActiveCfg = Debug|Any CPU
		{CF83C7EE-812C-4123-AA2A-91A2DC0A3FC2}.Debug|Any CPU.Build.0 = Debug|Any CPU
		{CF83C7EE-812C-4123-AA2A-91A2DC0A3FC2}.Release|Any CPU.ActiveCfg = Release|Any CPU
		{CF83C7EE-812C-4123-AA2A-91A2DC0A3FC2}.Release|Any CPU.Build.0 = Release|Any CPU
	EndGlobalSection
	GlobalSection(SolutionProperties) = preSolution
		HideSolutionNode = FALSE
	EndGlobalSection
	GlobalSection(ExtensibilityGlobals) = postSolution
		SolutionGuid = {5A6D31D7-8896-46BA-B68B-A58ED5BC2006}
	EndGlobalSection
EndGlobal
