
Microsoft Visual Studio Solution File, Format Version 12.00
# Visual Studio Version 16
VisualStudioVersion = 16.0.30517.126
MinimumVisualStudioVersion = 10.0.40219.1
Project("{FAE04EC0-301F-11D3-BF4B-00C04F79EFBC}") = "Práctica 3.19", "Práctica 3.19\Práctica 3.19.csproj", "{FF68520A-91EF-45AA-BE51-364A01005162}"
EndProject
Global
	GlobalSection(SolutionConfigurationPlatforms) = preSolution
		Debug|Any CPU = Debug|Any CPU
		Release|Any CPU = Release|Any CPU
	EndGlobalSection
	GlobalSection(ProjectConfigurationPlatforms) = postSolution
		{FF68520A-91EF-45AA-BE51-364A01005162}.Debug|Any CPU.ActiveCfg = Debug|Any CPU
		{FF68520A-91EF-45AA-BE51-364A01005162}.Debug|Any CPU.Build.0 = Debug|Any CPU
		{FF68520A-91EF-45AA-BE51-364A01005162}.Release|Any CPU.ActiveCfg = Release|Any CPU
		{FF68520A-91EF-45AA-BE51-364A01005162}.Release|Any CPU.Build.0 = Release|Any CPU
	EndGlobalSection
	GlobalSection(SolutionProperties) = preSolution
		HideSolutionNode = FALSE
	EndGlobalSection
	GlobalSection(ExtensibilityGlobals) = postSolution
		SolutionGuid = {586F0001-2A86-4586-9065-F1E5790F0EF5}
	EndGlobalSection
EndGlobal
