
Microsoft Visual Studio Solution File, Format Version 12.00
# Visual Studio Version 16
VisualStudioVersion = 16.0.30517.126
MinimumVisualStudioVersion = 10.0.40219.1
Project("{FAE04EC0-301F-11D3-BF4B-00C04F79EFBC}") = "Práctica 3.29", "Práctica 3.29\Práctica 3.29.csproj", "{544C3481-D149-48AB-96C4-4F5474361AEF}"
EndProject
Global
	GlobalSection(SolutionConfigurationPlatforms) = preSolution
		Debug|Any CPU = Debug|Any CPU
		Release|Any CPU = Release|Any CPU
	EndGlobalSection
	GlobalSection(ProjectConfigurationPlatforms) = postSolution
		{544C3481-D149-48AB-96C4-4F5474361AEF}.Debug|Any CPU.ActiveCfg = Debug|Any CPU
		{544C3481-D149-48AB-96C4-4F5474361AEF}.Debug|Any CPU.Build.0 = Debug|Any CPU
		{544C3481-D149-48AB-96C4-4F5474361AEF}.Release|Any CPU.ActiveCfg = Release|Any CPU
		{544C3481-D149-48AB-96C4-4F5474361AEF}.Release|Any CPU.Build.0 = Release|Any CPU
	EndGlobalSection
	GlobalSection(SolutionProperties) = preSolution
		HideSolutionNode = FALSE
	EndGlobalSection
	GlobalSection(ExtensibilityGlobals) = postSolution
		SolutionGuid = {911250E7-EDCB-4442-B5D0-E7FF0F5D4B4E}
	EndGlobalSection
EndGlobal
