
Microsoft Visual Studio Solution File, Format Version 12.00
# Visual Studio Version 16
VisualStudioVersion = 16.0.30517.126
MinimumVisualStudioVersion = 10.0.40219.1
Project("{FAE04EC0-301F-11D3-BF4B-00C04F79EFBC}") = "Práctica.Ejercicio05", "Práctica.Ejercicio05\Práctica.Ejercicio05.csproj", "{82343C89-5423-4FFB-A7C8-8948341B9148}"
EndProject
Global
	GlobalSection(SolutionConfigurationPlatforms) = preSolution
		Debug|Any CPU = Debug|Any CPU
		Release|Any CPU = Release|Any CPU
	EndGlobalSection
	GlobalSection(ProjectConfigurationPlatforms) = postSolution
		{82343C89-5423-4FFB-A7C8-8948341B9148}.Debug|Any CPU.ActiveCfg = Debug|Any CPU
		{82343C89-5423-4FFB-A7C8-8948341B9148}.Debug|Any CPU.Build.0 = Debug|Any CPU
		{82343C89-5423-4FFB-A7C8-8948341B9148}.Release|Any CPU.ActiveCfg = Release|Any CPU
		{82343C89-5423-4FFB-A7C8-8948341B9148}.Release|Any CPU.Build.0 = Release|Any CPU
	EndGlobalSection
	GlobalSection(SolutionProperties) = preSolution
		HideSolutionNode = FALSE
	EndGlobalSection
	GlobalSection(ExtensibilityGlobals) = postSolution
		SolutionGuid = {1D1D174A-1D12-422F-AD47-04883B2F3C4C}
	EndGlobalSection
EndGlobal
