
Microsoft Visual Studio Solution File, Format Version 12.00
# Visual Studio Version 16
VisualStudioVersion = 16.0.30517.126
MinimumVisualStudioVersion = 10.0.40219.1
Project("{FAE04EC0-301F-11D3-BF4B-00C04F79EFBC}") = "Práctica 3.12", "Práctica 3.12\Práctica 3.12.csproj", "{C7995EDA-C28E-467B-B6FD-902928EF393F}"
EndProject
Global
	GlobalSection(SolutionConfigurationPlatforms) = preSolution
		Debug|Any CPU = Debug|Any CPU
		Release|Any CPU = Release|Any CPU
	EndGlobalSection
	GlobalSection(ProjectConfigurationPlatforms) = postSolution
		{C7995EDA-C28E-467B-B6FD-902928EF393F}.Debug|Any CPU.ActiveCfg = Debug|Any CPU
		{C7995EDA-C28E-467B-B6FD-902928EF393F}.Debug|Any CPU.Build.0 = Debug|Any CPU
		{C7995EDA-C28E-467B-B6FD-902928EF393F}.Release|Any CPU.ActiveCfg = Release|Any CPU
		{C7995EDA-C28E-467B-B6FD-902928EF393F}.Release|Any CPU.Build.0 = Release|Any CPU
	EndGlobalSection
	GlobalSection(SolutionProperties) = preSolution
		HideSolutionNode = FALSE
	EndGlobalSection
	GlobalSection(ExtensibilityGlobals) = postSolution
		SolutionGuid = {38B2D955-C0B4-4FD3-99F1-09DA4B3F39E8}
	EndGlobalSection
EndGlobal
